
Microsoft Visual Studio Solution File, Format Version 12.00
# Visual Studio Version 17
VisualStudioVersion = 17.0.31903.59
MinimumVisualStudioVersion = 10.0.40219.1
Project("{FAE04EC0-301F-11D3-BF4B-00C04F79EFBC}") = "SteelShop.Api", "Api\SteelShop.Api.csproj", "{E8F7F189-AC25-44C4-96FD-0CBFF4488F9B}"
EndProject
Project("{FAE04EC0-301F-11D3-BF4B-00C04F79EFBC}") = "SteelShop.Core", "Core\SteelShop.Core.csproj", "{BA67E8DF-6B30-497A-B027-9A5DCDDCA703}"
EndProject
Project("{FAE04EC0-301F-11D3-BF4B-00C04F79EFBC}") = "SteelShop.Infrastructure", "Infrastructure\SteelShop.Infrastructure.csproj", "{9CAEB368-1EFB-40BC-994C-26E27309634B}"
EndProject
Global
	GlobalSection(SolutionConfigurationPlatforms) = preSolution
		Debug|Any CPU = Debug|Any CPU
		Release|Any CPU = Release|Any CPU
	EndGlobalSection
	GlobalSection(SolutionProperties) = preSolution
		HideSolutionNode = FALSE
	EndGlobalSection
	GlobalSection(ProjectConfigurationPlatforms) = postSolution
		{E8F7F189-AC25-44C4-96FD-0CBFF4488F9B}.Debug|Any CPU.ActiveCfg = Debug|Any CPU
		{E8F7F189-AC25-44C4-96FD-0CBFF4488F9B}.Debug|Any CPU.Build.0 = Debug|Any CPU
		{E8F7F189-AC25-44C4-96FD-0CBFF4488F9B}.Release|Any CPU.ActiveCfg = Release|Any CPU
		{E8F7F189-AC25-44C4-96FD-0CBFF4488F9B}.Release|Any CPU.Build.0 = Release|Any CPU
		{BA67E8DF-6B30-497A-B027-9A5DCDDCA703}.Debug|Any CPU.ActiveCfg = Debug|Any CPU
		{BA67E8DF-6B30-497A-B027-9A5DCDDCA703}.Debug|Any CPU.Build.0 = Debug|Any CPU
		{BA67E8DF-6B30-497A-B027-9A5DCDDCA703}.Release|Any CPU.ActiveCfg = Release|Any CPU
		{BA67E8DF-6B30-497A-B027-9A5DCDDCA703}.Release|Any CPU.Build.0 = Release|Any CPU
		{9CAEB368-1EFB-40BC-994C-26E27309634B}.Debug|Any CPU.ActiveCfg = Debug|Any CPU
		{9CAEB368-1EFB-40BC-994C-26E27309634B}.Debug|Any CPU.Build.0 = Debug|Any CPU
		{9CAEB368-1EFB-40BC-994C-26E27309634B}.Release|Any CPU.ActiveCfg = Release|Any CPU
		{9CAEB368-1EFB-40BC-994C-26E27309634B}.Release|Any CPU.Build.0 = Release|Any CPU
	EndGlobalSection
EndGlobal
